
Microsoft Visual Studio Solution File, Format Version 12.00
# Visual Studio Version 17
VisualStudioVersion = 17.5.002.0
MinimumVisualStudioVersion = 10.0.40219.1
Project("{9A19103F-16F7-4668-BE54-9A1E7A4F7556}") = "AzureHealthCheck", "AzureHealthCheck.csproj", "{68ABC114-0360-4DD9-A45F-DF25096A4809}"
EndProject
Global
	GlobalSection(SolutionConfigurationPlatforms) = preSolution
		Debug|Any CPU = Debug|Any CPU
		Release|Any CPU = Release|Any CPU
	EndGlobalSection
	GlobalSection(ProjectConfigurationPlatforms) = postSolution
		{68ABC114-0360-4DD9-A45F-DF25096A4809}.Debug|Any CPU.ActiveCfg = Debug|Any CPU
		{68ABC114-0360-4DD9-A45F-DF25096A4809}.Debug|Any CPU.Build.0 = Debug|Any CPU
		{68ABC114-0360-4DD9-A45F-DF25096A4809}.Release|Any CPU.ActiveCfg = Release|Any CPU
		{68ABC114-0360-4DD9-A45F-DF25096A4809}.Release|Any CPU.Build.0 = Release|Any CPU
	EndGlobalSection
	GlobalSection(SolutionProperties) = preSolution
		HideSolutionNode = FALSE
	EndGlobalSection
	GlobalSection(ExtensibilityGlobals) = postSolution
		SolutionGuid = {0C939F9A-49FF-4C89-B0B0-E3B19CD89364}
	EndGlobalSection
EndGlobal
